
Microsoft Visual Studio Solution File, Format Version 12.00
# Visual Studio Version 17
VisualStudioVersion = 17.3.32825.248
MinimumVisualStudioVersion = 10.0.40219.1
Project("{FAE04EC0-301F-11D3-BF4B-00C04F79EFBC}") = "ePizzaHub.DAL", "ePizzaHub.DAL\ePizzaHub.DAL.csproj", "{F7E5BC86-9BB5-4FE9-ABA2-0616B512E8B0}"
EndProject
Project("{FAE04EC0-301F-11D3-BF4B-00C04F79EFBC}") = "ePizzaHub.Repositories", "ePizzaHub.Repositories\ePizzaHub.Repositories.csproj", "{FA36C5EE-1396-43D9-8A93-A410891EC05D}"
EndProject
Project("{FAE04EC0-301F-11D3-BF4B-00C04F79EFBC}") = "ePizzaHub.Models", "ePizzaHub.Models\ePizzaHub.Models.csproj", "{2BD5A89E-80C6-41CE-843F-AF9B16E7E1EE}"
EndProject
Project("{FAE04EC0-301F-11D3-BF4B-00C04F79EFBC}") = "ePizzaHub.Services", "ePizzaHub.Services\ePizzaHub.Services.csproj", "{9A16E350-1DB7-4885-BF32-BDE4032AB8D3}"
EndProject
Project("{FAE04EC0-301F-11D3-BF4B-00C04F79EFBC}") = "ePizzaHub.UI", "ePizzaHub.UI\ePizzaHub.UI.csproj", "{335A3168-9D5A-409D-A13D-261DD9E4425B}"
EndProject
Global
	GlobalSection(SolutionConfigurationPlatforms) = preSolution
		Debug|Any CPU = Debug|Any CPU
		Release|Any CPU = Release|Any CPU
	EndGlobalSection
	GlobalSection(ProjectConfigurationPlatforms) = postSolution
		{F7E5BC86-9BB5-4FE9-ABA2-0616B512E8B0}.Debug|Any CPU.ActiveCfg = Debug|Any CPU
		{F7E5BC86-9BB5-4FE9-ABA2-0616B512E8B0}.Debug|Any CPU.Build.0 = Debug|Any CPU
		{F7E5BC86-9BB5-4FE9-ABA2-0616B512E8B0}.Release|Any CPU.ActiveCfg = Release|Any CPU
		{F7E5BC86-9BB5-4FE9-ABA2-0616B512E8B0}.Release|Any CPU.Build.0 = Release|Any CPU
		{FA36C5EE-1396-43D9-8A93-A410891EC05D}.Debug|Any CPU.ActiveCfg = Debug|Any CPU
		{FA36C5EE-1396-43D9-8A93-A410891EC05D}.Debug|Any CPU.Build.0 = Debug|Any CPU
		{FA36C5EE-1396-43D9-8A93-A410891EC05D}.Release|Any CPU.ActiveCfg = Release|Any CPU
		{FA36C5EE-1396-43D9-8A93-A410891EC05D}.Release|Any CPU.Build.0 = Release|Any CPU
		{2BD5A89E-80C6-41CE-843F-AF9B16E7E1EE}.Debug|Any CPU.ActiveCfg = Debug|Any CPU
		{2BD5A89E-80C6-41CE-843F-AF9B16E7E1EE}.Debug|Any CPU.Build.0 = Debug|Any CPU
		{2BD5A89E-80C6-41CE-843F-AF9B16E7E1EE}.Release|Any CPU.ActiveCfg = Release|Any CPU
		{2BD5A89E-80C6-41CE-843F-AF9B16E7E1EE}.Release|Any CPU.Build.0 = Release|Any CPU
		{9A16E350-1DB7-4885-BF32-BDE4032AB8D3}.Debug|Any CPU.ActiveCfg = Debug|Any CPU
		{9A16E350-1DB7-4885-BF32-BDE4032AB8D3}.Debug|Any CPU.Build.0 = Debug|Any CPU
		{9A16E350-1DB7-4885-BF32-BDE4032AB8D3}.Release|Any CPU.ActiveCfg = Release|Any CPU
		{9A16E350-1DB7-4885-BF32-BDE4032AB8D3}.Release|Any CPU.Build.0 = Release|Any CPU
		{335A3168-9D5A-409D-A13D-261DD9E4425B}.Debug|Any CPU.ActiveCfg = Debug|Any CPU
		{335A3168-9D5A-409D-A13D-261DD9E4425B}.Debug|Any CPU.Build.0 = Debug|Any CPU
		{335A3168-9D5A-409D-A13D-261DD9E4425B}.Release|Any CPU.ActiveCfg = Release|Any CPU
		{335A3168-9D5A-409D-A13D-261DD9E4425B}.Release|Any CPU.Build.0 = Release|Any CPU
	EndGlobalSection
	GlobalSection(SolutionProperties) = preSolution
		HideSolutionNode = FALSE
	EndGlobalSection
	GlobalSection(ExtensibilityGlobals) = postSolution
		SolutionGuid = {A103C58F-611E-4ED1-9FDE-2496C001E6D5}
	EndGlobalSection
EndGlobal
